
Microsoft Visual Studio Solution File, Format Version 12.00
# Visual Studio Version 16
VisualStudioVersion = 16.0.28729.10
MinimumVisualStudioVersion = 10.0.40219.1
Project("{9A19103F-16F7-4668-BE54-9A1E7A4F7556}") = "Codeping.Utils.All", "Codeping.Utils.All\Codeping.Utils.All.csproj", "{3A163881-A319-48F0-8A2A-BB1BB27D67DE}"
EndProject
Project("{2150E333-8FDC-42A3-9474-1A3956D46DE8}") = "_dependencies", "_dependencies", "{1D941A78-07F7-4552-821C-D910EB4BFA5A}"
EndProject
Project("{9A19103F-16F7-4668-BE54-9A1E7A4F7556}") = "Codeping.Utils", "..\Utils\Codeping.Utils\Codeping.Utils.csproj", "{5BCA2095-3526-4CB8-8723-1D5A832B8F13}"
EndProject
Project("{9A19103F-16F7-4668-BE54-9A1E7A4F7556}") = "Codeping.TimedJob.Core", "..\TimedJob\Codeping.TimedJob.Core\Codeping.TimedJob.Core.csproj", "{358F125C-3212-4C67-9ECC-9FE830C407F3}"
EndProject
Project("{9A19103F-16F7-4668-BE54-9A1E7A4F7556}") = "Codeping.Silly", "..\Silly\Codeping.Silly\Codeping.Silly.csproj", "{7AC145E2-05FC-4832-9357-56A9F7089379}"
EndProject
Project("{9A19103F-16F7-4668-BE54-9A1E7A4F7556}") = "Codeping.Nmc", "..\Nmc\Codeping.Nmc\Codeping.Nmc.csproj", "{844FC6AF-FF51-431B-87AB-9C662D683230}"
EndProject
Project("{9A19103F-16F7-4668-BE54-9A1E7A4F7556}") = "Codeping.Mvc", "..\Mvc\Codeping.Mvc\Codeping.Mvc.csproj", "{F0431663-D734-406E-ACF6-4F1B90CC63B4}"
EndProject
Project("{9A19103F-16F7-4668-BE54-9A1E7A4F7556}") = "Codeping.Logging.Core", "..\Logging\Codeping.Logging.Core\Codeping.Logging.Core.csproj", "{810F7F46-4413-4160-929B-EE7310700EB5}"
EndProject
Project("{9A19103F-16F7-4668-BE54-9A1E7A4F7556}") = "Codeping.Constants", "..\Constants\Codeping.Constants\Codeping.Constants.csproj", "{268EAD13-C74B-4AB6-A948-14FA7F0D2665}"
EndProject
Project("{9A19103F-16F7-4668-BE54-9A1E7A4F7556}") = "Codeping.Clrex", "..\Console\Codeping.Clrex\Codeping.Clrex.csproj", "{EF9C15DE-B5C3-406A-9301-B293583ADA8E}"
EndProject
Project("{9A19103F-16F7-4668-BE54-9A1E7A4F7556}") = "Codeping.Utils.Excel", "..\Agile\Codeping.Agile.Excel\Codeping.Utils.Excel.csproj", "{9F84ADC8-EBBE-4E4A-81B7-79C34F5A722E}"
EndProject
Project("{9A19103F-16F7-4668-BE54-9A1E7A4F7556}") = "Codeping.Utils.Json", "..\Agile\Codeping.Agile.Json\Codeping.Utils.Json.csproj", "{E70E5330-9058-4AFD-8351-0E8F5E108688}"
EndProject
Project("{9A19103F-16F7-4668-BE54-9A1E7A4F7556}") = "Codeping.Utils.Xml", "..\Agile\Codeping.Agile.Xml\Codeping.Utils.Xml.csproj", "{B4D64F6D-A6FF-4E3F-A5E2-49A8A5A72CF9}"
EndProject
Project("{9A19103F-16F7-4668-BE54-9A1E7A4F7556}") = "Codeping.WeChat.Core", "..\WeChat\Codeping.WeChat.Core\Codeping.WeChat.Core.csproj", "{2F0FCA96-C6B9-4DC9-8864-36F7417E65F0}"
EndProject
Project("{9A19103F-16F7-4668-BE54-9A1E7A4F7556}") = "Codeping.WeChat.Menu", "..\WeChat\Codeping.WeChat.Menu\Codeping.WeChat.Menu.csproj", "{C0A1EAA5-9243-43CB-81C5-5D2142415B66}"
EndProject
Project("{9A19103F-16F7-4668-BE54-9A1E7A4F7556}") = "Codeping.WeChat.Reply", "..\WeChat\Codeping.WeChat.Reply\Codeping.WeChat.Reply.csproj", "{1BC635AA-BD4C-42C5-9C3F-04EB30EB63AB}"
EndProject
Global
	GlobalSection(SolutionConfigurationPlatforms) = preSolution
		Debug|Any CPU = Debug|Any CPU
		Release|Any CPU = Release|Any CPU
	EndGlobalSection
	GlobalSection(ProjectConfigurationPlatforms) = postSolution
		{3A163881-A319-48F0-8A2A-BB1BB27D67DE}.Debug|Any CPU.ActiveCfg = Debug|Any CPU
		{3A163881-A319-48F0-8A2A-BB1BB27D67DE}.Debug|Any CPU.Build.0 = Debug|Any CPU
		{3A163881-A319-48F0-8A2A-BB1BB27D67DE}.Release|Any CPU.ActiveCfg = Release|Any CPU
		{3A163881-A319-48F0-8A2A-BB1BB27D67DE}.Release|Any CPU.Build.0 = Release|Any CPU
		{5BCA2095-3526-4CB8-8723-1D5A832B8F13}.Debug|Any CPU.ActiveCfg = Debug|Any CPU
		{5BCA2095-3526-4CB8-8723-1D5A832B8F13}.Debug|Any CPU.Build.0 = Debug|Any CPU
		{5BCA2095-3526-4CB8-8723-1D5A832B8F13}.Release|Any CPU.ActiveCfg = Release|Any CPU
		{5BCA2095-3526-4CB8-8723-1D5A832B8F13}.Release|Any CPU.Build.0 = Release|Any CPU
		{358F125C-3212-4C67-9ECC-9FE830C407F3}.Debug|Any CPU.ActiveCfg = Debug|Any CPU
		{358F125C-3212-4C67-9ECC-9FE830C407F3}.Debug|Any CPU.Build.0 = Debug|Any CPU
		{358F125C-3212-4C67-9ECC-9FE830C407F3}.Release|Any CPU.ActiveCfg = Release|Any CPU
		{358F125C-3212-4C67-9ECC-9FE830C407F3}.Release|Any CPU.Build.0 = Release|Any CPU
		{7AC145E2-05FC-4832-9357-56A9F7089379}.Debug|Any CPU.ActiveCfg = Debug|Any CPU
		{7AC145E2-05FC-4832-9357-56A9F7089379}.Debug|Any CPU.Build.0 = Debug|Any CPU
		{7AC145E2-05FC-4832-9357-56A9F7089379}.Release|Any CPU.ActiveCfg = Release|Any CPU
		{7AC145E2-05FC-4832-9357-56A9F7089379}.Release|Any CPU.Build.0 = Release|Any CPU
		{844FC6AF-FF51-431B-87AB-9C662D683230}.Debug|Any CPU.ActiveCfg = Debug|Any CPU
		{844FC6AF-FF51-431B-87AB-9C662D683230}.Debug|Any CPU.Build.0 = Debug|Any CPU
		{844FC6AF-FF51-431B-87AB-9C662D683230}.Release|Any CPU.ActiveCfg = Release|Any CPU
		{844FC6AF-FF51-431B-87AB-9C662D683230}.Release|Any CPU.Build.0 = Release|Any CPU
		{F0431663-D734-406E-ACF6-4F1B90CC63B4}.Debug|Any CPU.ActiveCfg = Debug|Any CPU
		{F0431663-D734-406E-ACF6-4F1B90CC63B4}.Debug|Any CPU.Build.0 = Debug|Any CPU
		{F0431663-D734-406E-ACF6-4F1B90CC63B4}.Release|Any CPU.ActiveCfg = Release|Any CPU
		{F0431663-D734-406E-ACF6-4F1B90CC63B4}.Release|Any CPU.Build.0 = Release|Any CPU
		{810F7F46-4413-4160-929B-EE7310700EB5}.Debug|Any CPU.ActiveCfg = Debug|Any CPU
		{810F7F46-4413-4160-929B-EE7310700EB5}.Debug|Any CPU.Build.0 = Debug|Any CPU
		{810F7F46-4413-4160-929B-EE7310700EB5}.Release|Any CPU.ActiveCfg = Release|Any CPU
		{810F7F46-4413-4160-929B-EE7310700EB5}.Release|Any CPU.Build.0 = Release|Any CPU
		{268EAD13-C74B-4AB6-A948-14FA7F0D2665}.Debug|Any CPU.ActiveCfg = Debug|Any CPU
		{268EAD13-C74B-4AB6-A948-14FA7F0D2665}.Debug|Any CPU.Build.0 = Debug|Any CPU
		{268EAD13-C74B-4AB6-A948-14FA7F0D2665}.Release|Any CPU.ActiveCfg = Release|Any CPU
		{268EAD13-C74B-4AB6-A948-14FA7F0D2665}.Release|Any CPU.Build.0 = Release|Any CPU
		{EF9C15DE-B5C3-406A-9301-B293583ADA8E}.Debug|Any CPU.ActiveCfg = Debug|Any CPU
		{EF9C15DE-B5C3-406A-9301-B293583ADA8E}.Debug|Any CPU.Build.0 = Debug|Any CPU
		{EF9C15DE-B5C3-406A-9301-B293583ADA8E}.Release|Any CPU.ActiveCfg = Release|Any CPU
		{EF9C15DE-B5C3-406A-9301-B293583ADA8E}.Release|Any CPU.Build.0 = Release|Any CPU
		{9F84ADC8-EBBE-4E4A-81B7-79C34F5A722E}.Debug|Any CPU.ActiveCfg = Debug|Any CPU
		{9F84ADC8-EBBE-4E4A-81B7-79C34F5A722E}.Debug|Any CPU.Build.0 = Debug|Any CPU
		{9F84ADC8-EBBE-4E4A-81B7-79C34F5A722E}.Release|Any CPU.ActiveCfg = Release|Any CPU
		{9F84ADC8-EBBE-4E4A-81B7-79C34F5A722E}.Release|Any CPU.Build.0 = Release|Any CPU
		{E70E5330-9058-4AFD-8351-0E8F5E108688}.Debug|Any CPU.ActiveCfg = Debug|Any CPU
		{E70E5330-9058-4AFD-8351-0E8F5E108688}.Debug|Any CPU.Build.0 = Debug|Any CPU
		{E70E5330-9058-4AFD-8351-0E8F5E108688}.Release|Any CPU.ActiveCfg = Release|Any CPU
		{E70E5330-9058-4AFD-8351-0E8F5E108688}.Release|Any CPU.Build.0 = Release|Any CPU
		{B4D64F6D-A6FF-4E3F-A5E2-49A8A5A72CF9}.Debug|Any CPU.ActiveCfg = Debug|Any CPU
		{B4D64F6D-A6FF-4E3F-A5E2-49A8A5A72CF9}.Debug|Any CPU.Build.0 = Debug|Any CPU
		{B4D64F6D-A6FF-4E3F-A5E2-49A8A5A72CF9}.Release|Any CPU.ActiveCfg = Release|Any CPU
		{B4D64F6D-A6FF-4E3F-A5E2-49A8A5A72CF9}.Release|Any CPU.Build.0 = Release|Any CPU
		{2F0FCA96-C6B9-4DC9-8864-36F7417E65F0}.Debug|Any CPU.ActiveCfg = Debug|Any CPU
		{2F0FCA96-C6B9-4DC9-8864-36F7417E65F0}.Debug|Any CPU.Build.0 = Debug|Any CPU
		{2F0FCA96-C6B9-4DC9-8864-36F7417E65F0}.Release|Any CPU.ActiveCfg = Release|Any CPU
		{2F0FCA96-C6B9-4DC9-8864-36F7417E65F0}.Release|Any CPU.Build.0 = Release|Any CPU
		{C0A1EAA5-9243-43CB-81C5-5D2142415B66}.Debug|Any CPU.ActiveCfg = Debug|Any CPU
		{C0A1EAA5-9243-43CB-81C5-5D2142415B66}.Debug|Any CPU.Build.0 = Debug|Any CPU
		{C0A1EAA5-9243-43CB-81C5-5D2142415B66}.Release|Any CPU.ActiveCfg = Release|Any CPU
		{C0A1EAA5-9243-43CB-81C5-5D2142415B66}.Release|Any CPU.Build.0 = Release|Any CPU
		{1BC635AA-BD4C-42C5-9C3F-04EB30EB63AB}.Debug|Any CPU.ActiveCfg = Debug|Any CPU
		{1BC635AA-BD4C-42C5-9C3F-04EB30EB63AB}.Debug|Any CPU.Build.0 = Debug|Any CPU
		{1BC635AA-BD4C-42C5-9C3F-04EB30EB63AB}.Release|Any CPU.ActiveCfg = Release|Any CPU
		{1BC635AA-BD4C-42C5-9C3F-04EB30EB63AB}.Release|Any CPU.Build.0 = Release|Any CPU
	EndGlobalSection
	GlobalSection(SolutionProperties) = preSolution
		HideSolutionNode = FALSE
	EndGlobalSection
	GlobalSection(NestedProjects) = preSolution
		{5BCA2095-3526-4CB8-8723-1D5A832B8F13} = {1D941A78-07F7-4552-821C-D910EB4BFA5A}
		{358F125C-3212-4C67-9ECC-9FE830C407F3} = {1D941A78-07F7-4552-821C-D910EB4BFA5A}
		{7AC145E2-05FC-4832-9357-56A9F7089379} = {1D941A78-07F7-4552-821C-D910EB4BFA5A}
		{844FC6AF-FF51-431B-87AB-9C662D683230} = {1D941A78-07F7-4552-821C-D910EB4BFA5A}
		{F0431663-D734-406E-ACF6-4F1B90CC63B4} = {1D941A78-07F7-4552-821C-D910EB4BFA5A}
		{810F7F46-4413-4160-929B-EE7310700EB5} = {1D941A78-07F7-4552-821C-D910EB4BFA5A}
		{268EAD13-C74B-4AB6-A948-14FA7F0D2665} = {1D941A78-07F7-4552-821C-D910EB4BFA5A}
		{EF9C15DE-B5C3-406A-9301-B293583ADA8E} = {1D941A78-07F7-4552-821C-D910EB4BFA5A}
		{9F84ADC8-EBBE-4E4A-81B7-79C34F5A722E} = {1D941A78-07F7-4552-821C-D910EB4BFA5A}
		{E70E5330-9058-4AFD-8351-0E8F5E108688} = {1D941A78-07F7-4552-821C-D910EB4BFA5A}
		{B4D64F6D-A6FF-4E3F-A5E2-49A8A5A72CF9} = {1D941A78-07F7-4552-821C-D910EB4BFA5A}
		{2F0FCA96-C6B9-4DC9-8864-36F7417E65F0} = {1D941A78-07F7-4552-821C-D910EB4BFA5A}
		{C0A1EAA5-9243-43CB-81C5-5D2142415B66} = {1D941A78-07F7-4552-821C-D910EB4BFA5A}
		{1BC635AA-BD4C-42C5-9C3F-04EB30EB63AB} = {1D941A78-07F7-4552-821C-D910EB4BFA5A}
	EndGlobalSection
	GlobalSection(ExtensibilityGlobals) = postSolution
		SolutionGuid = {E7723658-076B-46D4-B618-D6449B85E535}
	EndGlobalSection
EndGlobal
