
Microsoft Visual Studio Solution File, Format Version 12.00
# Visual Studio Version 16
VisualStudioVersion = 16.0.29102.190
MinimumVisualStudioVersion = 10.0.40219.1
Project("{9A19103F-16F7-4668-BE54-9A1E7A4F7556}") = "Codeping.Silly", "Codeping.Silly\Codeping.Silly.csproj", "{BCADEF53-3050-4192-A106-369FEBAD80F2}"
EndProject
Project("{FAE04EC0-301F-11D3-BF4B-00C04F79EFBC}") = "Codeping.Silly.Demo", "Codeping.Silly.Demo\Codeping.Silly.Demo.csproj", "{B93BD1E1-EEFB-48FC-BE97-5A9C283146A6}"
EndProject
Project("{2150E333-8FDC-42A3-9474-1A3956D46DE8}") = "_dependencies", "_dependencies", "{129C2660-9E0F-4E44-BB64-A6F377D574BE}"
EndProject
Project("{9A19103F-16F7-4668-BE54-9A1E7A4F7556}") = "Codeping.Utils", "..\Utils\Codeping.Utils\Codeping.Utils.csproj", "{9EE66C41-34A5-4AD8-B301-AAE49A0806C1}"
EndProject
Global
	GlobalSection(SolutionConfigurationPlatforms) = preSolution
		Debug|Any CPU = Debug|Any CPU
		Release|Any CPU = Release|Any CPU
	EndGlobalSection
	GlobalSection(ProjectConfigurationPlatforms) = postSolution
		{BCADEF53-3050-4192-A106-369FEBAD80F2}.Debug|Any CPU.ActiveCfg = Debug|Any CPU
		{BCADEF53-3050-4192-A106-369FEBAD80F2}.Debug|Any CPU.Build.0 = Debug|Any CPU
		{BCADEF53-3050-4192-A106-369FEBAD80F2}.Release|Any CPU.ActiveCfg = Release|Any CPU
		{BCADEF53-3050-4192-A106-369FEBAD80F2}.Release|Any CPU.Build.0 = Release|Any CPU
		{B93BD1E1-EEFB-48FC-BE97-5A9C283146A6}.Debug|Any CPU.ActiveCfg = Debug|Any CPU
		{B93BD1E1-EEFB-48FC-BE97-5A9C283146A6}.Debug|Any CPU.Build.0 = Debug|Any CPU
		{B93BD1E1-EEFB-48FC-BE97-5A9C283146A6}.Release|Any CPU.ActiveCfg = Release|Any CPU
		{B93BD1E1-EEFB-48FC-BE97-5A9C283146A6}.Release|Any CPU.Build.0 = Release|Any CPU
		{9EE66C41-34A5-4AD8-B301-AAE49A0806C1}.Debug|Any CPU.ActiveCfg = Debug|Any CPU
		{9EE66C41-34A5-4AD8-B301-AAE49A0806C1}.Debug|Any CPU.Build.0 = Debug|Any CPU
		{9EE66C41-34A5-4AD8-B301-AAE49A0806C1}.Release|Any CPU.ActiveCfg = Release|Any CPU
		{9EE66C41-34A5-4AD8-B301-AAE49A0806C1}.Release|Any CPU.Build.0 = Release|Any CPU
	EndGlobalSection
	GlobalSection(SolutionProperties) = preSolution
		HideSolutionNode = FALSE
	EndGlobalSection
	GlobalSection(NestedProjects) = preSolution
		{9EE66C41-34A5-4AD8-B301-AAE49A0806C1} = {129C2660-9E0F-4E44-BB64-A6F377D574BE}
	EndGlobalSection
	GlobalSection(ExtensibilityGlobals) = postSolution
		SolutionGuid = {4DEA06D7-9BF5-4AA5-9D8E-20F842CBB9DD}
	EndGlobalSection
EndGlobal
