
Microsoft Visual Studio Solution File, Format Version 12.00
# Visual Studio Version 16
VisualStudioVersion = 16.0.28729.10
MinimumVisualStudioVersion = 10.0.40219.1
Project("{9A19103F-16F7-4668-BE54-9A1E7A4F7556}") = "Codeping.Utils.ExcelMapper", "Codeping.Utils.ExcelMapper\Codeping.Utils.ExcelMapper.csproj", "{96BFE6C1-B831-4791-A064-7B6030C49A7B}"
EndProject
Project("{9A19103F-16F7-4668-BE54-9A1E7A4F7556}") = "Codeping.Utils.Json", "Codeping.Utils.Json\Codeping.Utils.Json.csproj", "{BEA1BFD2-F916-47D2-8D6C-FBDDA0A6AC4E}"
EndProject
Project("{9A19103F-16F7-4668-BE54-9A1E7A4F7556}") = "Codeping.Utils.Xml", "Codeping.Utils.Xml\Codeping.Utils.Xml.csproj", "{E7DC58B3-3D25-4088-BD47-1F51E210456A}"
EndProject
Project("{9A19103F-16F7-4668-BE54-9A1E7A4F7556}") = "Codeping.Utils", "..\Codeping.Utils\Codeping.Utils.csproj", "{FE9944BF-5E39-4E93-B02D-C1F2252C1EEE}"
EndProject
Project("{FAE04EC0-301F-11D3-BF4B-00C04F79EFBC}") = "Codeping.Agile.Core", "Codeping.Agile.Core\Codeping.Agile.Core.csproj", "{46ACE2F0-6BB8-4CC5-A3BB-1344A6C750A6}"
EndProject
Project("{2150E333-8FDC-42A3-9474-1A3956D46DE8}") = "Units", "Units", "{E4906224-4EC3-4C9C-8057-E4C23AB18A73}"
EndProject
Project("{9A19103F-16F7-4668-BE54-9A1E7A4F7556}") = "ExcelMapperTest", "Units\ExcelMapperTest\ExcelMapperTest.csproj", "{6CD183D9-BD0E-4988-A507-3950D13FF338}"
EndProject
Global
	GlobalSection(SolutionConfigurationPlatforms) = preSolution
		Debug|Any CPU = Debug|Any CPU
		Release|Any CPU = Release|Any CPU
	EndGlobalSection
	GlobalSection(ProjectConfigurationPlatforms) = postSolution
		{96BFE6C1-B831-4791-A064-7B6030C49A7B}.Debug|Any CPU.ActiveCfg = Debug|Any CPU
		{96BFE6C1-B831-4791-A064-7B6030C49A7B}.Debug|Any CPU.Build.0 = Debug|Any CPU
		{96BFE6C1-B831-4791-A064-7B6030C49A7B}.Release|Any CPU.ActiveCfg = Release|Any CPU
		{96BFE6C1-B831-4791-A064-7B6030C49A7B}.Release|Any CPU.Build.0 = Release|Any CPU
		{BEA1BFD2-F916-47D2-8D6C-FBDDA0A6AC4E}.Debug|Any CPU.ActiveCfg = Debug|Any CPU
		{BEA1BFD2-F916-47D2-8D6C-FBDDA0A6AC4E}.Debug|Any CPU.Build.0 = Debug|Any CPU
		{BEA1BFD2-F916-47D2-8D6C-FBDDA0A6AC4E}.Release|Any CPU.ActiveCfg = Release|Any CPU
		{BEA1BFD2-F916-47D2-8D6C-FBDDA0A6AC4E}.Release|Any CPU.Build.0 = Release|Any CPU
		{E7DC58B3-3D25-4088-BD47-1F51E210456A}.Debug|Any CPU.ActiveCfg = Debug|Any CPU
		{E7DC58B3-3D25-4088-BD47-1F51E210456A}.Debug|Any CPU.Build.0 = Debug|Any CPU
		{E7DC58B3-3D25-4088-BD47-1F51E210456A}.Release|Any CPU.ActiveCfg = Release|Any CPU
		{E7DC58B3-3D25-4088-BD47-1F51E210456A}.Release|Any CPU.Build.0 = Release|Any CPU
		{FE9944BF-5E39-4E93-B02D-C1F2252C1EEE}.Debug|Any CPU.ActiveCfg = Debug|Any CPU
		{FE9944BF-5E39-4E93-B02D-C1F2252C1EEE}.Debug|Any CPU.Build.0 = Debug|Any CPU
		{FE9944BF-5E39-4E93-B02D-C1F2252C1EEE}.Release|Any CPU.ActiveCfg = Release|Any CPU
		{FE9944BF-5E39-4E93-B02D-C1F2252C1EEE}.Release|Any CPU.Build.0 = Release|Any CPU
		{46ACE2F0-6BB8-4CC5-A3BB-1344A6C750A6}.Debug|Any CPU.ActiveCfg = Debug|Any CPU
		{46ACE2F0-6BB8-4CC5-A3BB-1344A6C750A6}.Debug|Any CPU.Build.0 = Debug|Any CPU
		{46ACE2F0-6BB8-4CC5-A3BB-1344A6C750A6}.Release|Any CPU.ActiveCfg = Release|Any CPU
		{46ACE2F0-6BB8-4CC5-A3BB-1344A6C750A6}.Release|Any CPU.Build.0 = Release|Any CPU
		{6CD183D9-BD0E-4988-A507-3950D13FF338}.Debug|Any CPU.ActiveCfg = Debug|Any CPU
		{6CD183D9-BD0E-4988-A507-3950D13FF338}.Debug|Any CPU.Build.0 = Debug|Any CPU
		{6CD183D9-BD0E-4988-A507-3950D13FF338}.Release|Any CPU.ActiveCfg = Release|Any CPU
		{6CD183D9-BD0E-4988-A507-3950D13FF338}.Release|Any CPU.Build.0 = Release|Any CPU
	EndGlobalSection
	GlobalSection(SolutionProperties) = preSolution
		HideSolutionNode = FALSE
	EndGlobalSection
	GlobalSection(NestedProjects) = preSolution
		{6CD183D9-BD0E-4988-A507-3950D13FF338} = {E4906224-4EC3-4C9C-8057-E4C23AB18A73}
	EndGlobalSection
	GlobalSection(ExtensibilityGlobals) = postSolution
		SolutionGuid = {D0E3DA2B-F671-41CD-A948-9131E4054BAC}
	EndGlobalSection
EndGlobal
