
Microsoft Visual Studio Solution File, Format Version 12.00
# Visual Studio Version 16
VisualStudioVersion = 16.0.28711.60
MinimumVisualStudioVersion = 10.0.40219.1
Project("{9A19103F-16F7-4668-BE54-9A1E7A4F7556}") = "Codeping.Utils", "Codeping.Utils\Codeping.Utils.csproj", "{38AFDBFF-E9F2-49AF-90FD-6F62F8730865}"
EndProject
Project("{9A19103F-16F7-4668-BE54-9A1E7A4F7556}") = "Codeping.Utils.Silly", "Codeping.Utils.Silly\Codeping.Utils.Silly.csproj", "{46046FD6-CFD0-41F4-AF84-1841D6AF7E47}"
EndProject
Project("{9A19103F-16F7-4668-BE54-9A1E7A4F7556}") = "Codeping.Utils.Tests", "Units\Codeping.Utils.Tests\Codeping.Utils.Tests.csproj", "{35A350B6-2360-4FB3-B6E0-E91BBF914B46}"
EndProject
Project("{FAE04EC0-301F-11D3-BF4B-00C04F79EFBC}") = "Codeping.Utils.Mvc", "Codeping.Utils.Mvc\Codeping.Utils.Mvc.csproj", "{6E1E3BC4-9E02-4B98-BFD2-7025802366D0}"
EndProject
Global
	GlobalSection(SolutionConfigurationPlatforms) = preSolution
		Debug|Any CPU = Debug|Any CPU
		Release|Any CPU = Release|Any CPU
	EndGlobalSection
	GlobalSection(ProjectConfigurationPlatforms) = postSolution
		{38AFDBFF-E9F2-49AF-90FD-6F62F8730865}.Debug|Any CPU.ActiveCfg = Debug|Any CPU
		{38AFDBFF-E9F2-49AF-90FD-6F62F8730865}.Debug|Any CPU.Build.0 = Debug|Any CPU
		{38AFDBFF-E9F2-49AF-90FD-6F62F8730865}.Release|Any CPU.ActiveCfg = Release|Any CPU
		{38AFDBFF-E9F2-49AF-90FD-6F62F8730865}.Release|Any CPU.Build.0 = Release|Any CPU
		{46046FD6-CFD0-41F4-AF84-1841D6AF7E47}.Debug|Any CPU.ActiveCfg = Debug|Any CPU
		{46046FD6-CFD0-41F4-AF84-1841D6AF7E47}.Debug|Any CPU.Build.0 = Debug|Any CPU
		{46046FD6-CFD0-41F4-AF84-1841D6AF7E47}.Release|Any CPU.ActiveCfg = Release|Any CPU
		{46046FD6-CFD0-41F4-AF84-1841D6AF7E47}.Release|Any CPU.Build.0 = Release|Any CPU
		{35A350B6-2360-4FB3-B6E0-E91BBF914B46}.Debug|Any CPU.ActiveCfg = Debug|Any CPU
		{35A350B6-2360-4FB3-B6E0-E91BBF914B46}.Debug|Any CPU.Build.0 = Debug|Any CPU
		{35A350B6-2360-4FB3-B6E0-E91BBF914B46}.Release|Any CPU.ActiveCfg = Release|Any CPU
		{35A350B6-2360-4FB3-B6E0-E91BBF914B46}.Release|Any CPU.Build.0 = Release|Any CPU
		{6E1E3BC4-9E02-4B98-BFD2-7025802366D0}.Debug|Any CPU.ActiveCfg = Debug|Any CPU
		{6E1E3BC4-9E02-4B98-BFD2-7025802366D0}.Debug|Any CPU.Build.0 = Debug|Any CPU
		{6E1E3BC4-9E02-4B98-BFD2-7025802366D0}.Release|Any CPU.ActiveCfg = Release|Any CPU
		{6E1E3BC4-9E02-4B98-BFD2-7025802366D0}.Release|Any CPU.Build.0 = Release|Any CPU
	EndGlobalSection
	GlobalSection(SolutionProperties) = preSolution
		HideSolutionNode = FALSE
	EndGlobalSection
	GlobalSection(ExtensibilityGlobals) = postSolution
		SolutionGuid = {03B68A18-69DF-48F2-A48B-C84747BE7367}
	EndGlobalSection
EndGlobal
