
Microsoft Visual Studio Solution File, Format Version 12.00
# Visual Studio Version 16
VisualStudioVersion = 16.0.28711.60
MinimumVisualStudioVersion = 10.0.40219.1
Project("{9A19103F-16F7-4668-BE54-9A1E7A4F7556}") = "Codeping.Utils", "Codeping.Utils\Codeping.Utils.csproj", "{38AFDBFF-E9F2-49AF-90FD-6F62F8730865}"
EndProject
Project("{9A19103F-16F7-4668-BE54-9A1E7A4F7556}") = "Codeping.Utils.Silly", "Codeping.Utils.Silly\Codeping.Utils.Silly.csproj", "{46046FD6-CFD0-41F4-AF84-1841D6AF7E47}"
EndProject
Project("{9A19103F-16F7-4668-BE54-9A1E7A4F7556}") = "Codeping.Utils.Tests", "Units\Codeping.Utils.Tests\Codeping.Utils.Tests.csproj", "{35A350B6-2360-4FB3-B6E0-E91BBF914B46}"
EndProject
Project("{9A19103F-16F7-4668-BE54-9A1E7A4F7556}") = "Codeping.Utils.Mvc", "Codeping.Utils.Mvc\Codeping.Utils.Mvc.csproj", "{6E1E3BC4-9E02-4B98-BFD2-7025802366D0}"
EndProject
Project("{9A19103F-16F7-4668-BE54-9A1E7A4F7556}") = "Codeping.Constants", "Codeping.Constants\Codeping.Constants.csproj", "{7075968D-FA4A-4109-A532-DB44997889BD}"
EndProject
Project("{2150E333-8FDC-42A3-9474-1A3956D46DE8}") = "Tests", "Tests", "{6B12443B-F3B7-48F6-98CF-EC496B68E866}"
EndProject
Project("{9A19103F-16F7-4668-BE54-9A1E7A4F7556}") = "Codeping.Constants.Tests", "Units\Codeping.Constants.Tests\Codeping.Constants.Tests.csproj", "{A6B8857B-E2E4-4F26-9451-E5AB709EB57A}"
EndProject
Project("{9A19103F-16F7-4668-BE54-9A1E7A4F7556}") = "Codeping.ConsoleEx.Tests", "Units\Codeping.ConsoleEx.Tests\Codeping.ConsoleEx.Tests.csproj", "{7DC60263-9349-4979-B708-1E26695291D6}"
EndProject
Project("{9A19103F-16F7-4668-BE54-9A1E7A4F7556}") = "Codeping.Utils.Logging", "Codeping.Utils.Logging\Codeping.Utils.Logging.csproj", "{18D38DF0-F49A-4903-B247-C5C40B5AFC52}"
EndProject
Project("{9A19103F-16F7-4668-BE54-9A1E7A4F7556}") = "Codeping.Utils.Nmc", "Codeping.Utils.Nmc\Codeping.Utils.Nmc.csproj", "{54E1B6B7-6E57-4845-A089-F06D2AF579ED}"
EndProject
Project("{2150E333-8FDC-42A3-9474-1A3956D46DE8}") = "_deps", "_deps", "{A1AA6C74-D266-428E-ADBE-684A9CCB578F}"
EndProject
Project("{9A19103F-16F7-4668-BE54-9A1E7A4F7556}") = "Codeping.TimedJob.Core", "Codeping.TimedJob\Codeping.TimedJob.Core\Codeping.TimedJob.Core.csproj", "{D34927A8-3C5E-4B3F-8745-7CAD1A68884C}"
EndProject
Global
	GlobalSection(SolutionConfigurationPlatforms) = preSolution
		Debug|Any CPU = Debug|Any CPU
		Release|Any CPU = Release|Any CPU
	EndGlobalSection
	GlobalSection(ProjectConfigurationPlatforms) = postSolution
		{38AFDBFF-E9F2-49AF-90FD-6F62F8730865}.Debug|Any CPU.ActiveCfg = Debug|Any CPU
		{38AFDBFF-E9F2-49AF-90FD-6F62F8730865}.Debug|Any CPU.Build.0 = Debug|Any CPU
		{38AFDBFF-E9F2-49AF-90FD-6F62F8730865}.Release|Any CPU.ActiveCfg = Release|Any CPU
		{38AFDBFF-E9F2-49AF-90FD-6F62F8730865}.Release|Any CPU.Build.0 = Release|Any CPU
		{46046FD6-CFD0-41F4-AF84-1841D6AF7E47}.Debug|Any CPU.ActiveCfg = Debug|Any CPU
		{46046FD6-CFD0-41F4-AF84-1841D6AF7E47}.Debug|Any CPU.Build.0 = Debug|Any CPU
		{46046FD6-CFD0-41F4-AF84-1841D6AF7E47}.Release|Any CPU.ActiveCfg = Release|Any CPU
		{46046FD6-CFD0-41F4-AF84-1841D6AF7E47}.Release|Any CPU.Build.0 = Release|Any CPU
		{35A350B6-2360-4FB3-B6E0-E91BBF914B46}.Debug|Any CPU.ActiveCfg = Debug|Any CPU
		{35A350B6-2360-4FB3-B6E0-E91BBF914B46}.Debug|Any CPU.Build.0 = Debug|Any CPU
		{35A350B6-2360-4FB3-B6E0-E91BBF914B46}.Release|Any CPU.ActiveCfg = Release|Any CPU
		{35A350B6-2360-4FB3-B6E0-E91BBF914B46}.Release|Any CPU.Build.0 = Release|Any CPU
		{6E1E3BC4-9E02-4B98-BFD2-7025802366D0}.Debug|Any CPU.ActiveCfg = Debug|Any CPU
		{6E1E3BC4-9E02-4B98-BFD2-7025802366D0}.Debug|Any CPU.Build.0 = Debug|Any CPU
		{6E1E3BC4-9E02-4B98-BFD2-7025802366D0}.Release|Any CPU.ActiveCfg = Release|Any CPU
		{6E1E3BC4-9E02-4B98-BFD2-7025802366D0}.Release|Any CPU.Build.0 = Release|Any CPU
		{7075968D-FA4A-4109-A532-DB44997889BD}.Debug|Any CPU.ActiveCfg = Debug|Any CPU
		{7075968D-FA4A-4109-A532-DB44997889BD}.Debug|Any CPU.Build.0 = Debug|Any CPU
		{7075968D-FA4A-4109-A532-DB44997889BD}.Release|Any CPU.ActiveCfg = Release|Any CPU
		{7075968D-FA4A-4109-A532-DB44997889BD}.Release|Any CPU.Build.0 = Release|Any CPU
		{A6B8857B-E2E4-4F26-9451-E5AB709EB57A}.Debug|Any CPU.ActiveCfg = Debug|Any CPU
		{A6B8857B-E2E4-4F26-9451-E5AB709EB57A}.Debug|Any CPU.Build.0 = Debug|Any CPU
		{A6B8857B-E2E4-4F26-9451-E5AB709EB57A}.Release|Any CPU.ActiveCfg = Release|Any CPU
		{A6B8857B-E2E4-4F26-9451-E5AB709EB57A}.Release|Any CPU.Build.0 = Release|Any CPU
		{7DC60263-9349-4979-B708-1E26695291D6}.Debug|Any CPU.ActiveCfg = Debug|Any CPU
		{7DC60263-9349-4979-B708-1E26695291D6}.Debug|Any CPU.Build.0 = Debug|Any CPU
		{7DC60263-9349-4979-B708-1E26695291D6}.Release|Any CPU.ActiveCfg = Release|Any CPU
		{7DC60263-9349-4979-B708-1E26695291D6}.Release|Any CPU.Build.0 = Release|Any CPU
		{18D38DF0-F49A-4903-B247-C5C40B5AFC52}.Debug|Any CPU.ActiveCfg = Debug|Any CPU
		{18D38DF0-F49A-4903-B247-C5C40B5AFC52}.Debug|Any CPU.Build.0 = Debug|Any CPU
		{18D38DF0-F49A-4903-B247-C5C40B5AFC52}.Release|Any CPU.ActiveCfg = Release|Any CPU
		{18D38DF0-F49A-4903-B247-C5C40B5AFC52}.Release|Any CPU.Build.0 = Release|Any CPU
		{54E1B6B7-6E57-4845-A089-F06D2AF579ED}.Debug|Any CPU.ActiveCfg = Debug|Any CPU
		{54E1B6B7-6E57-4845-A089-F06D2AF579ED}.Debug|Any CPU.Build.0 = Debug|Any CPU
		{54E1B6B7-6E57-4845-A089-F06D2AF579ED}.Release|Any CPU.ActiveCfg = Release|Any CPU
		{54E1B6B7-6E57-4845-A089-F06D2AF579ED}.Release|Any CPU.Build.0 = Release|Any CPU
		{D34927A8-3C5E-4B3F-8745-7CAD1A68884C}.Debug|Any CPU.ActiveCfg = Debug|Any CPU
		{D34927A8-3C5E-4B3F-8745-7CAD1A68884C}.Debug|Any CPU.Build.0 = Debug|Any CPU
		{D34927A8-3C5E-4B3F-8745-7CAD1A68884C}.Release|Any CPU.ActiveCfg = Release|Any CPU
		{D34927A8-3C5E-4B3F-8745-7CAD1A68884C}.Release|Any CPU.Build.0 = Release|Any CPU
	EndGlobalSection
	GlobalSection(SolutionProperties) = preSolution
		HideSolutionNode = FALSE
	EndGlobalSection
	GlobalSection(NestedProjects) = preSolution
		{35A350B6-2360-4FB3-B6E0-E91BBF914B46} = {6B12443B-F3B7-48F6-98CF-EC496B68E866}
		{A6B8857B-E2E4-4F26-9451-E5AB709EB57A} = {6B12443B-F3B7-48F6-98CF-EC496B68E866}
		{7DC60263-9349-4979-B708-1E26695291D6} = {6B12443B-F3B7-48F6-98CF-EC496B68E866}
		{D34927A8-3C5E-4B3F-8745-7CAD1A68884C} = {A1AA6C74-D266-428E-ADBE-684A9CCB578F}
	EndGlobalSection
	GlobalSection(ExtensibilityGlobals) = postSolution
		SolutionGuid = {03B68A18-69DF-48F2-A48B-C84747BE7367}
	EndGlobalSection
EndGlobal
