
Microsoft Visual Studio Solution File, Format Version 12.00
# Visual Studio Version 16
VisualStudioVersion = 16.0.29102.190
MinimumVisualStudioVersion = 10.0.40219.1
Project("{9A19103F-16F7-4668-BE54-9A1E7A4F7556}") = "Codeping.Clrex", "Codeping.Clrex\Codeping.Clrex.csproj", "{2BBDC34C-E8E7-4CF1-9C2D-72D243F57049}"
EndProject
Project("{FAE04EC0-301F-11D3-BF4B-00C04F79EFBC}") = "Codeping.Clrex.Test", "Codeping.Clrex.Test\Codeping.Clrex.Test.csproj", "{73F5896A-4E93-4BA8-837F-C1B2A0F65B25}"
EndProject
Project("{FAE04EC0-301F-11D3-BF4B-00C04F79EFBC}") = "Codeping.Clrex.Demo", "Codeping.Clrex.Demo\Codeping.Clrex.Demo.csproj", "{E1ED4945-025E-408E-9FE0-E8F9AA860111}"
EndProject
Global
	GlobalSection(SolutionConfigurationPlatforms) = preSolution
		Debug|Any CPU = Debug|Any CPU
		Release|Any CPU = Release|Any CPU
	EndGlobalSection
	GlobalSection(ProjectConfigurationPlatforms) = postSolution
		{2BBDC34C-E8E7-4CF1-9C2D-72D243F57049}.Debug|Any CPU.ActiveCfg = Debug|Any CPU
		{2BBDC34C-E8E7-4CF1-9C2D-72D243F57049}.Debug|Any CPU.Build.0 = Debug|Any CPU
		{2BBDC34C-E8E7-4CF1-9C2D-72D243F57049}.Release|Any CPU.ActiveCfg = Release|Any CPU
		{2BBDC34C-E8E7-4CF1-9C2D-72D243F57049}.Release|Any CPU.Build.0 = Release|Any CPU
		{73F5896A-4E93-4BA8-837F-C1B2A0F65B25}.Debug|Any CPU.ActiveCfg = Debug|Any CPU
		{73F5896A-4E93-4BA8-837F-C1B2A0F65B25}.Debug|Any CPU.Build.0 = Debug|Any CPU
		{73F5896A-4E93-4BA8-837F-C1B2A0F65B25}.Release|Any CPU.ActiveCfg = Release|Any CPU
		{73F5896A-4E93-4BA8-837F-C1B2A0F65B25}.Release|Any CPU.Build.0 = Release|Any CPU
		{E1ED4945-025E-408E-9FE0-E8F9AA860111}.Debug|Any CPU.ActiveCfg = Debug|Any CPU
		{E1ED4945-025E-408E-9FE0-E8F9AA860111}.Debug|Any CPU.Build.0 = Debug|Any CPU
		{E1ED4945-025E-408E-9FE0-E8F9AA860111}.Release|Any CPU.ActiveCfg = Release|Any CPU
		{E1ED4945-025E-408E-9FE0-E8F9AA860111}.Release|Any CPU.Build.0 = Release|Any CPU
	EndGlobalSection
	GlobalSection(SolutionProperties) = preSolution
		HideSolutionNode = FALSE
	EndGlobalSection
	GlobalSection(ExtensibilityGlobals) = postSolution
		SolutionGuid = {1D9E7153-A518-4F15-9411-92E80114F831}
	EndGlobalSection
EndGlobal
